// !$*UTF8*$!
{
	archiveVersion = 1;
	classes = {
	};
	objectVersion = 48;
	objects = {

/* Begin PBXBuildFile section */
		B343958F1FA054530013F8E1 /* Configuration.swift in Sources */ = {isa = PBXBuildFile; fileRef = B343958E1FA054530013F8E1 /* Configuration.swift */; };
		B34395921FA054A80013F8E1 /* Location.swift in Sources */ = {isa = PBXBuildFile; fileRef = B34395911FA054A80013F8E1 /* Location.swift */; };
		B34395941FA057AF0013F8E1 /* WeatherData.swift in Sources */ = {isa = PBXBuildFile; fileRef = B34395931FA057AF0013F8E1 /* WeatherData.swift */; };
		B3D7C3221FA0DB3800558B6E /* WeatherDataManager.swift in Sources */ = {isa = PBXBuildFile; fileRef = B3D7C3211FA0DB3800558B6E /* WeatherDataManager.swift */; };
		B3DEE7351FA0500600FEE568 /* AppDelegate.swift in Sources */ = {isa = PBXBuildFile; fileRef = B3DEE7341FA0500600FEE568 /* AppDelegate.swift */; };
		B3DEE7371FA0500600FEE568 /* ViewController.swift in Sources */ = {isa = PBXBuildFile; fileRef = B3DEE7361FA0500600FEE568 /* ViewController.swift */; };
		B3DEE73F1FA0500600FEE568 /* LaunchScreen.storyboard in Resources */ = {isa = PBXBuildFile; fileRef = B3DEE73D1FA0500600FEE568 /* LaunchScreen.storyboard */; };
		B3DEE74A1FA0500600FEE568 /* SKYTests.swift in Sources */ = {isa = PBXBuildFile; fileRef = B3DEE7491FA0500600FEE568 /* SKYTests.swift */; };
		B3DEE7551FA0500700FEE568 /* SKYUITests.swift in Sources */ = {isa = PBXBuildFile; fileRef = B3DEE7541FA0500700FEE568 /* SKYUITests.swift */; };
		B3DEE7691FA0523700FEE568 /* Assets.xcassets in Resources */ = {isa = PBXBuildFile; fileRef = B3DEE7681FA0523700FEE568 /* Assets.xcassets */; };
		B3DEE76C1FA052E200FEE568 /* Main.storyboard in Resources */ = {isa = PBXBuildFile; fileRef = B3DEE76B1FA052E200FEE568 /* Main.storyboard */; };
/* End PBXBuildFile section */

/* Begin PBXContainerItemProxy section */
		B3DEE7461FA0500600FEE568 /* PBXContainerItemProxy */ = {
			isa = PBXContainerItemProxy;
			containerPortal = B3DEE7291FA0500600FEE568 /* Project object */;
			proxyType = 1;
			remoteGlobalIDString = B3DEE7301FA0500600FEE568;
			remoteInfo = SKY;
		};
		B3DEE7511FA0500600FEE568 /* PBXContainerItemProxy */ = {
			isa = PBXContainerItemProxy;
			containerPortal = B3DEE7291FA0500600FEE568 /* Project object */;
			proxyType = 1;
			remoteGlobalIDString = B3DEE7301FA0500600FEE568;
			remoteInfo = SKY;
		};
/* End PBXContainerItemProxy section */

/* Begin PBXFileReference section */
		B343958E1FA054530013F8E1 /* Configuration.swift */ = {isa = PBXFileReference; lastKnownFileType = sourcecode.swift; path = Configuration.swift; sourceTree = "<group>"; };
		B34395911FA054A80013F8E1 /* Location.swift */ = {isa = PBXFileReference; lastKnownFileType = sourcecode.swift; path = Location.swift; sourceTree = "<group>"; };
		B34395931FA057AF0013F8E1 /* WeatherData.swift */ = {isa = PBXFileReference; lastKnownFileType = sourcecode.swift; path = WeatherData.swift; sourceTree = "<group>"; };
		B3D7C3211FA0DB3800558B6E /* WeatherDataManager.swift */ = {isa = PBXFileReference; lastKnownFileType = sourcecode.swift; path = WeatherDataManager.swift; sourceTree = "<group>"; };
		B3DEE7311FA0500600FEE568 /* SKY.app */ = {isa = PBXFileReference; explicitFileType = wrapper.application; includeInIndex = 0; path = SKY.app; sourceTree = BUILT_PRODUCTS_DIR; };
		B3DEE7341FA0500600FEE568 /* AppDelegate.swift */ = {isa = PBXFileReference; lastKnownFileType = sourcecode.swift; path = AppDelegate.swift; sourceTree = "<group>"; };
		B3DEE7361FA0500600FEE568 /* ViewController.swift */ = {isa = PBXFileReference; lastKnownFileType = sourcecode.swift; path = ViewController.swift; sourceTree = "<group>"; };
		B3DEE73E1FA0500600FEE568 /* Base */ = {isa = PBXFileReference; lastKnownFileType = file.storyboard; name = Base; path = Base.lproj/LaunchScreen.storyboard; sourceTree = "<group>"; };
		B3DEE7401FA0500600FEE568 /* Info.plist */ = {isa = PBXFileReference; lastKnownFileType = text.plist.xml; path = Info.plist; sourceTree = "<group>"; };
		B3DEE7451FA0500600FEE568 /* SKYTests.xctest */ = {isa = PBXFileReference; explicitFileType = wrapper.cfbundle; includeInIndex = 0; path = SKYTests.xctest; sourceTree = BUILT_PRODUCTS_DIR; };
		B3DEE7491FA0500600FEE568 /* SKYTests.swift */ = {isa = PBXFileReference; lastKnownFileType = sourcecode.swift; path = SKYTests.swift; sourceTree = "<group>"; };
		B3DEE74B1FA0500600FEE568 /* Info.plist */ = {isa = PBXFileReference; lastKnownFileType = text.plist.xml; path = Info.plist; sourceTree = "<group>"; };
		B3DEE7501FA0500600FEE568 /* SKYUITests.xctest */ = {isa = PBXFileReference; explicitFileType = wrapper.cfbundle; includeInIndex = 0; path = SKYUITests.xctest; sourceTree = BUILT_PRODUCTS_DIR; };
		B3DEE7541FA0500700FEE568 /* SKYUITests.swift */ = {isa = PBXFileReference; lastKnownFileType = sourcecode.swift; path = SKYUITests.swift; sourceTree = "<group>"; };
		B3DEE7561FA0500700FEE568 /* Info.plist */ = {isa = PBXFileReference; lastKnownFileType = text.plist.xml; path = Info.plist; sourceTree = "<group>"; };
		B3DEE7681FA0523700FEE568 /* Assets.xcassets */ = {isa = PBXFileReference; lastKnownFileType = folder.assetcatalog; path = Assets.xcassets; sourceTree = "<group>"; };
		B3DEE76B1FA052E200FEE568 /* Main.storyboard */ = {isa = PBXFileReference; fileEncoding = 4; lastKnownFileType = file.storyboard; path = Main.storyboard; sourceTree = "<group>"; };
/* End PBXFileReference section */

/* Begin PBXFrameworksBuildPhase section */
		B3DEE72E1FA0500600FEE568 /* Frameworks */ = {
			isa = PBXFrameworksBuildPhase;
			buildActionMask = 2147483647;
			files = (
			);
			runOnlyForDeploymentPostprocessing = 0;
		};
		B3DEE7421FA0500600FEE568 /* Frameworks */ = {
			isa = PBXFrameworksBuildPhase;
			buildActionMask = 2147483647;
			files = (
			);
			runOnlyForDeploymentPostprocessing = 0;
		};
		B3DEE74D1FA0500600FEE568 /* Frameworks */ = {
			isa = PBXFrameworksBuildPhase;
			buildActionMask = 2147483647;
			files = (
			);
			runOnlyForDeploymentPostprocessing = 0;
		};
/* End PBXFrameworksBuildPhase section */

/* Begin PBXGroup section */
		B343958D1FA0543D0013F8E1 /* Configuration */ = {
			isa = PBXGroup;
			children = (
				B343958E1FA054530013F8E1 /* Configuration.swift */,
			);
			path = Configuration;
			sourceTree = "<group>";
		};
		B34395901FA054920013F8E1 /* Models */ = {
			isa = PBXGroup;
			children = (
				B34395911FA054A80013F8E1 /* Location.swift */,
				B34395931FA057AF0013F8E1 /* WeatherData.swift */,
			);
			path = Models;
			sourceTree = "<group>";
		};
		B3D7C3201FA0DB0C00558B6E /* Manager */ = {
			isa = PBXGroup;
			children = (
				B3D7C3211FA0DB3800558B6E /* WeatherDataManager.swift */,
			);
			path = Manager;
			sourceTree = "<group>";
		};
		B3DEE7281FA0500600FEE568 = {
			isa = PBXGroup;
			children = (
				B3DEE7331FA0500600FEE568 /* SKY */,
				B3DEE7481FA0500600FEE568 /* SKYTests */,
				B3DEE7531FA0500700FEE568 /* SKYUITests */,
				B3DEE7321FA0500600FEE568 /* Products */,
			);
			sourceTree = "<group>";
		};
		B3DEE7321FA0500600FEE568 /* Products */ = {
			isa = PBXGroup;
			children = (
				B3DEE7311FA0500600FEE568 /* SKY.app */,
				B3DEE7451FA0500600FEE568 /* SKYTests.xctest */,
				B3DEE7501FA0500600FEE568 /* SKYUITests.xctest */,
			);
			name = Products;
			sourceTree = "<group>";
		};
		B3DEE7331FA0500600FEE568 /* SKY */ = {
			isa = PBXGroup;
			children = (
				B3D7C3201FA0DB0C00558B6E /* Manager */,
				B34395901FA054920013F8E1 /* Models */,
				B343958D1FA0543D0013F8E1 /* Configuration */,
				B3DEE7651FA0507500FEE568 /* Resources */,
				B3DEE7641FA0505E00FEE568 /* Storyboards */,
				B3DEE7631FA0504E00FEE568 /* Delegate */,
				B3DEE7661FA0510300FEE568 /* ViewControllers */,
				B3DEE7401FA0500600FEE568 /* Info.plist */,
			);
			path = SKY;
			sourceTree = "<group>";
		};
		B3DEE7481FA0500600FEE568 /* SKYTests */ = {
			isa = PBXGroup;
			children = (
				B3DEE7491FA0500600FEE568 /* SKYTests.swift */,
				B3DEE74B1FA0500600FEE568 /* Info.plist */,
			);
			path = SKYTests;
			sourceTree = "<group>";
		};
		B3DEE7531FA0500700FEE568 /* SKYUITests */ = {
			isa = PBXGroup;
			children = (
				B3DEE7541FA0500700FEE568 /* SKYUITests.swift */,
				B3DEE7561FA0500700FEE568 /* Info.plist */,
			);
			path = SKYUITests;
			sourceTree = "<group>";
		};
		B3DEE7631FA0504E00FEE568 /* Delegate */ = {
			isa = PBXGroup;
			children = (
				B3DEE7341FA0500600FEE568 /* AppDelegate.swift */,
			);
			path = Delegate;
			sourceTree = "<group>";
		};
		B3DEE7641FA0505E00FEE568 /* Storyboards */ = {
			isa = PBXGroup;
			children = (
				B3DEE76B1FA052E200FEE568 /* Main.storyboard */,
				B3DEE73D1FA0500600FEE568 /* LaunchScreen.storyboard */,
			);
			path = Storyboards;
			sourceTree = "<group>";
		};
		B3DEE7651FA0507500FEE568 /* Resources */ = {
			isa = PBXGroup;
			children = (
				B3DEE7681FA0523700FEE568 /* Assets.xcassets */,
			);
			path = Resources;
			sourceTree = "<group>";
		};
		B3DEE7661FA0510300FEE568 /* ViewControllers */ = {
			isa = PBXGroup;
			children = (
				B3DEE7361FA0500600FEE568 /* ViewController.swift */,
			);
			path = ViewControllers;
			sourceTree = "<group>";
		};
/* End PBXGroup section */

/* Begin PBXNativeTarget section */
		B3DEE7301FA0500600FEE568 /* SKY */ = {
			isa = PBXNativeTarget;
			buildConfigurationList = B3DEE7591FA0500700FEE568 /* Build configuration list for PBXNativeTarget "SKY" */;
			buildPhases = (
				B3DEE72D1FA0500600FEE568 /* Sources */,
				B3DEE72E1FA0500600FEE568 /* Frameworks */,
				B3DEE72F1FA0500600FEE568 /* Resources */,
			);
			buildRules = (
			);
			dependencies = (
			);
			name = SKY;
			productName = SKY;
			productReference = B3DEE7311FA0500600FEE568 /* SKY.app */;
			productType = "com.apple.product-type.application";
		};
		B3DEE7441FA0500600FEE568 /* SKYTests */ = {
			isa = PBXNativeTarget;
			buildConfigurationList = B3DEE75C1FA0500700FEE568 /* Build configuration list for PBXNativeTarget "SKYTests" */;
			buildPhases = (
				B3DEE7411FA0500600FEE568 /* Sources */,
				B3DEE7421FA0500600FEE568 /* Frameworks */,
				B3DEE7431FA0500600FEE568 /* Resources */,
			);
			buildRules = (
			);
			dependencies = (
				B3DEE7471FA0500600FEE568 /* PBXTargetDependency */,
			);
			name = SKYTests;
			productName = SKYTests;
			productReference = B3DEE7451FA0500600FEE568 /* SKYTests.xctest */;
			productType = "com.apple.product-type.bundle.unit-test";
		};
		B3DEE74F1FA0500600FEE568 /* SKYUITests */ = {
			isa = PBXNativeTarget;
			buildConfigurationList = B3DEE75F1FA0500700FEE568 /* Build configuration list for PBXNativeTarget "SKYUITests" */;
			buildPhases = (
				B3DEE74C1FA0500600FEE568 /* Sources */,
				B3DEE74D1FA0500600FEE568 /* Frameworks */,
				B3DEE74E1FA0500600FEE568 /* Resources */,
			);
			buildRules = (
			);
			dependencies = (
				B3DEE7521FA0500600FEE568 /* PBXTargetDependency */,
			);
			name = SKYUITests;
			productName = SKYUITests;
			productReference = B3DEE7501FA0500600FEE568 /* SKYUITests.xctest */;
			productType = "com.apple.product-type.bundle.ui-testing";
		};
/* End PBXNativeTarget section */

/* Begin PBXProject section */
		B3DEE7291FA0500600FEE568 /* Project object */ = {
			isa = PBXProject;
			attributes = {
				LastSwiftUpdateCheck = 0900;
				LastUpgradeCheck = 0900;
				ORGANIZATIONNAME = eeee;
				TargetAttributes = {
					B3DEE7301FA0500600FEE568 = {
						CreatedOnToolsVersion = 9.0;
						ProvisioningStyle = Automatic;
					};
					B3DEE7441FA0500600FEE568 = {
						CreatedOnToolsVersion = 9.0;
						ProvisioningStyle = Automatic;
						TestTargetID = B3DEE7301FA0500600FEE568;
					};
					B3DEE74F1FA0500600FEE568 = {
						CreatedOnToolsVersion = 9.0;
						ProvisioningStyle = Automatic;
						TestTargetID = B3DEE7301FA0500600FEE568;
					};
				};
			};
			buildConfigurationList = B3DEE72C1FA0500600FEE568 /* Build configuration list for PBXProject "SKY" */;
			compatibilityVersion = "Xcode 8.0";
			developmentRegion = en;
			hasScannedForEncodings = 0;
			knownRegions = (
				en,
				Base,
			);
			mainGroup = B3DEE7281FA0500600FEE568;
			productRefGroup = B3DEE7321FA0500600FEE568 /* Products */;
			projectDirPath = "";
			projectRoot = "";
			targets = (
				B3DEE7301FA0500600FEE568 /* SKY */,
				B3DEE7441FA0500600FEE568 /* SKYTests */,
				B3DEE74F1FA0500600FEE568 /* SKYUITests */,
			);
		};
/* End PBXProject section */

/* Begin PBXResourcesBuildPhase section */
		B3DEE72F1FA0500600FEE568 /* Resources */ = {
			isa = PBXResourcesBuildPhase;
			buildActionMask = 2147483647;
			files = (
				B3DEE76C1FA052E200FEE568 /* Main.storyboard in Resources */,
				B3DEE73F1FA0500600FEE568 /* LaunchScreen.storyboard in Resources */,
				B3DEE7691FA0523700FEE568 /* Assets.xcassets in Resources */,
			);
			runOnlyForDeploymentPostprocessing = 0;
		};
		B3DEE7431FA0500600FEE568 /* Resources */ = {
			isa = PBXResourcesBuildPhase;
			buildActionMask = 2147483647;
			files = (
			);
			runOnlyForDeploymentPostprocessing = 0;
		};
		B3DEE74E1FA0500600FEE568 /* Resources */ = {
			isa = PBXResourcesBuildPhase;
			buildActionMask = 2147483647;
			files = (
			);
			runOnlyForDeploymentPostprocessing = 0;
		};
/* End PBXResourcesBuildPhase section */

/* Begin PBXSourcesBuildPhase section */
		B3DEE72D1FA0500600FEE568 /* Sources */ = {
			isa = PBXSourcesBuildPhase;
			buildActionMask = 2147483647;
			files = (
				B3D7C3221FA0DB3800558B6E /* WeatherDataManager.swift in Sources */,
				B343958F1FA054530013F8E1 /* Configuration.swift in Sources */,
				B34395941FA057AF0013F8E1 /* WeatherData.swift in Sources */,
				B3DEE7371FA0500600FEE568 /* ViewController.swift in Sources */,
				B34395921FA054A80013F8E1 /* Location.swift in Sources */,
				B3DEE7351FA0500600FEE568 /* AppDelegate.swift in Sources */,
			);
			runOnlyForDeploymentPostprocessing = 0;
		};
		B3DEE7411FA0500600FEE568 /* Sources */ = {
			isa = PBXSourcesBuildPhase;
			buildActionMask = 2147483647;
			files = (
				B3DEE74A1FA0500600FEE568 /* SKYTests.swift in Sources */,
			);
			runOnlyForDeploymentPostprocessing = 0;
		};
		B3DEE74C1FA0500600FEE568 /* Sources */ = {
			isa = PBXSourcesBuildPhase;
			buildActionMask = 2147483647;
			files = (
				B3DEE7551FA0500700FEE568 /* SKYUITests.swift in Sources */,
			);
			runOnlyForDeploymentPostprocessing = 0;
		};
/* End PBXSourcesBuildPhase section */

/* Begin PBXTargetDependency section */
		B3DEE7471FA0500600FEE568 /* PBXTargetDependency */ = {
			isa = PBXTargetDependency;
			target = B3DEE7301FA0500600FEE568 /* SKY */;
			targetProxy = B3DEE7461FA0500600FEE568 /* PBXContainerItemProxy */;
		};
		B3DEE7521FA0500600FEE568 /* PBXTargetDependency */ = {
			isa = PBXTargetDependency;
			target = B3DEE7301FA0500600FEE568 /* SKY */;
			targetProxy = B3DEE7511FA0500600FEE568 /* PBXContainerItemProxy */;
		};
/* End PBXTargetDependency section */

/* Begin PBXVariantGroup section */
		B3DEE73D1FA0500600FEE568 /* LaunchScreen.storyboard */ = {
			isa = PBXVariantGroup;
			children = (
				B3DEE73E1FA0500600FEE568 /* Base */,
			);
			name = LaunchScreen.storyboard;
			sourceTree = "<group>";
		};
/* End PBXVariantGroup section */

/* Begin XCBuildConfiguration section */
		B3DEE7571FA0500700FEE568 /* Debug */ = {
			isa = XCBuildConfiguration;
			buildSettings = {
				ALWAYS_SEARCH_USER_PATHS = NO;
				CLANG_ANALYZER_NONNULL = YES;
				CLANG_ANALYZER_NUMBER_OBJECT_CONVERSION = YES_AGGRESSIVE;
				CLANG_CXX_LANGUAGE_STANDARD = "gnu++14";
				CLANG_CXX_LIBRARY = "libc++";
				CLANG_ENABLE_MODULES = YES;
				CLANG_ENABLE_OBJC_ARC = YES;
				CLANG_WARN_BLOCK_CAPTURE_AUTORELEASING = YES;
				CLANG_WARN_BOOL_CONVERSION = YES;
				CLANG_WARN_COMMA = YES;
				CLANG_WARN_CONSTANT_CONVERSION = YES;
				CLANG_WARN_DIRECT_OBJC_ISA_USAGE = YES_ERROR;
				CLANG_WARN_DOCUMENTATION_COMMENTS = YES;
				CLANG_WARN_EMPTY_BODY = YES;
				CLANG_WARN_ENUM_CONVERSION = YES;
				CLANG_WARN_INFINITE_RECURSION = YES;
				CLANG_WARN_INT_CONVERSION = YES;
				CLANG_WARN_NON_LITERAL_NULL_CONVERSION = YES;
				CLANG_WARN_OBJC_LITERAL_CONVERSION = YES;
				CLANG_WARN_OBJC_ROOT_CLASS = YES_ERROR;
				CLANG_WARN_RANGE_LOOP_ANALYSIS = YES;
				CLANG_WARN_STRICT_PROTOTYPES = YES;
				CLANG_WARN_SUSPICIOUS_MOVE = YES;
				CLANG_WARN_UNGUARDED_AVAILABILITY = YES_AGGRESSIVE;
				CLANG_WARN_UNREACHABLE_CODE = YES;
				CLANG_WARN__DUPLICATE_METHOD_MATCH = YES;
				CODE_SIGN_IDENTITY = "iPhone Developer";
				COPY_PHASE_STRIP = NO;
				DEBUG_INFORMATION_FORMAT = dwarf;
				ENABLE_STRICT_OBJC_MSGSEND = YES;
				ENABLE_TESTABILITY = YES;
				GCC_C_LANGUAGE_STANDARD = gnu11;
				GCC_DYNAMIC_NO_PIC = NO;
				GCC_NO_COMMON_BLOCKS = YES;
				GCC_OPTIMIZATION_LEVEL = 0;
				GCC_PREPROCESSOR_DEFINITIONS = (
					"DEBUG=1",
					"$(inherited)",
				);
				GCC_WARN_64_TO_32_BIT_CONVERSION = YES;
				GCC_WARN_ABOUT_RETURN_TYPE = YES_ERROR;
				GCC_WARN_UNDECLARED_SELECTOR = YES;
				GCC_WARN_UNINITIALIZED_AUTOS = YES_AGGRESSIVE;
				GCC_WARN_UNUSED_FUNCTION = YES;
				GCC_WARN_UNUSED_VARIABLE = YES;
				IPHONEOS_DEPLOYMENT_TARGET = 11.0;
				MTL_ENABLE_DEBUG_INFO = YES;
				ONLY_ACTIVE_ARCH = YES;
				SDKROOT = iphoneos;
				SWIFT_ACTIVE_COMPILATION_CONDITIONS = DEBUG;
				SWIFT_OPTIMIZATION_LEVEL = "-Onone";
			};
			name = Debug;
		};
		B3DEE7581FA0500700FEE568 /* Release */ = {
			isa = XCBuildConfiguration;
			buildSettings = {
				ALWAYS_SEARCH_USER_PATHS = NO;
				CLANG_ANALYZER_NONNULL = YES;
				CLANG_ANALYZER_NUMBER_OBJECT_CONVERSION = YES_AGGRESSIVE;
				CLANG_CXX_LANGUAGE_STANDARD = "gnu++14";
				CLANG_CXX_LIBRARY = "libc++";
				CLANG_ENABLE_MODULES = YES;
				CLANG_ENABLE_OBJC_ARC = YES;
				CLANG_WARN_BLOCK_CAPTURE_AUTORELEASING = YES;
				CLANG_WARN_BOOL_CONVERSION = YES;
				CLANG_WARN_COMMA = YES;
				CLANG_WARN_CONSTANT_CONVERSION = YES;
				CLANG_WARN_DIRECT_OBJC_ISA_USAGE = YES_ERROR;
				CLANG_WARN_DOCUMENTATION_COMMENTS = YES;
				CLANG_WARN_EMPTY_BODY = YES;
				CLANG_WARN_ENUM_CONVERSION = YES;
				CLANG_WARN_INFINITE_RECURSION = YES;
				CLANG_WARN_INT_CONVERSION = YES;
				CLANG_WARN_NON_LITERAL_NULL_CONVERSION = YES;
				CLANG_WARN_OBJC_LITERAL_CONVERSION = YES;
				CLANG_WARN_OBJC_ROOT_CLASS = YES_ERROR;
				CLANG_WARN_RANGE_LOOP_ANALYSIS = YES;
				CLANG_WARN_STRICT_PROTOTYPES = YES;
				CLANG_WARN_SUSPICIOUS_MOVE = YES;
				CLANG_WARN_UNGUARDED_AVAILABILITY = YES_AGGRESSIVE;
				CLANG_WARN_UNREACHABLE_CODE = YES;
				CLANG_WARN__DUPLICATE_METHOD_MATCH = YES;
				CODE_SIGN_IDENTITY = "iPhone Developer";
				COPY_PHASE_STRIP = NO;
				DEBUG_INFORMATION_FORMAT = "dwarf-with-dsym";
				ENABLE_NS_ASSERTIONS = NO;
				ENABLE_STRICT_OBJC_MSGSEND = YES;
				GCC_C_LANGUAGE_STANDARD = gnu11;
				GCC_NO_COMMON_BLOCKS = YES;
				GCC_WARN_64_TO_32_BIT_CONVERSION = YES;
				GCC_WARN_ABOUT_RETURN_TYPE = YES_ERROR;
				GCC_WARN_UNDECLARED_SELECTOR = YES;
				GCC_WARN_UNINITIALIZED_AUTOS = YES_AGGRESSIVE;
				GCC_WARN_UNUSED_FUNCTION = YES;
				GCC_WARN_UNUSED_VARIABLE = YES;
				IPHONEOS_DEPLOYMENT_TARGET = 11.0;
				MTL_ENABLE_DEBUG_INFO = NO;
				SDKROOT = iphoneos;
				SWIFT_OPTIMIZATION_LEVEL = "-Owholemodule";
				VALIDATE_PRODUCT = YES;
			};
			name = Release;
		};
		B3DEE75A1FA0500700FEE568 /* Debug */ = {
			isa = XCBuildConfiguration;
			buildSettings = {
				ASSETCATALOG_COMPILER_APPICON_NAME = AppIcon;
				CODE_SIGN_STYLE = Automatic;
				DEVELOPMENT_TEAM = 4K2W9X865R;
				INFOPLIST_FILE = SKY/Info.plist;
				LD_RUNPATH_SEARCH_PATHS = "$(inherited) @executable_path/Frameworks";
				PRODUCT_BUNDLE_IDENTIFIER = happyFoodCoin.SKY;
				PRODUCT_NAME = "$(TARGET_NAME)";
				SWIFT_VERSION = 4.0;
				TARGETED_DEVICE_FAMILY = "1,2";
			};
			name = Debug;
		};
		B3DEE75B1FA0500700FEE568 /* Release */ = {
			isa = XCBuildConfiguration;
			buildSettings = {
				ASSETCATALOG_COMPILER_APPICON_NAME = AppIcon;
				CODE_SIGN_STYLE = Automatic;
				DEVELOPMENT_TEAM = 4K2W9X865R;
				INFOPLIST_FILE = SKY/Info.plist;
				LD_RUNPATH_SEARCH_PATHS = "$(inherited) @executable_path/Frameworks";
				PRODUCT_BUNDLE_IDENTIFIER = happyFoodCoin.SKY;
				PRODUCT_NAME = "$(TARGET_NAME)";
				SWIFT_VERSION = 4.0;
				TARGETED_DEVICE_FAMILY = "1,2";
			};
			name = Release;
		};
		B3DEE75D1FA0500700FEE568 /* Debug */ = {
			isa = XCBuildConfiguration;
			buildSettings = {
				ALWAYS_EMBED_SWIFT_STANDARD_LIBRARIES = YES;
				BUNDLE_LOADER = "$(TEST_HOST)";
				CODE_SIGN_STYLE = Automatic;
				DEVELOPMENT_TEAM = 4K2W9X865R;
				INFOPLIST_FILE = SKYTests/Info.plist;
				LD_RUNPATH_SEARCH_PATHS = "$(inherited) @executable_path/Frameworks @loader_path/Frameworks";
				PRODUCT_BUNDLE_IDENTIFIER = happyFoodCoin.SKYTests;
				PRODUCT_NAME = "$(TARGET_NAME)";
				SWIFT_VERSION = 4.0;
				TARGETED_DEVICE_FAMILY = "1,2";
				TEST_HOST = "$(BUILT_PRODUCTS_DIR)/SKY.app/SKY";
			};
			name = Debug;
		};
		B3DEE75E1FA0500700FEE568 /* Release */ = {
			isa = XCBuildConfiguration;
			buildSettings = {
				ALWAYS_EMBED_SWIFT_STANDARD_LIBRARIES = YES;
				BUNDLE_LOADER = "$(TEST_HOST)";
				CODE_SIGN_STYLE = Automatic;
				DEVELOPMENT_TEAM = 4K2W9X865R;
				INFOPLIST_FILE = SKYTests/Info.plist;
				LD_RUNPATH_SEARCH_PATHS = "$(inherited) @executable_path/Frameworks @loader_path/Frameworks";
				PRODUCT_BUNDLE_IDENTIFIER = happyFoodCoin.SKYTests;
				PRODUCT_NAME = "$(TARGET_NAME)";
				SWIFT_VERSION = 4.0;
				TARGETED_DEVICE_FAMILY = "1,2";
				TEST_HOST = "$(BUILT_PRODUCTS_DIR)/SKY.app/SKY";
			};
			name = Release;
		};
		B3DEE7601FA0500700FEE568 /* Debug */ = {
			isa = XCBuildConfiguration;
			buildSettings = {
				ALWAYS_EMBED_SWIFT_STANDARD_LIBRARIES = YES;
				CODE_SIGN_STYLE = Automatic;
				DEVELOPMENT_TEAM = 4K2W9X865R;
				INFOPLIST_FILE = SKYUITests/Info.plist;
				LD_RUNPATH_SEARCH_PATHS = "$(inherited) @executable_path/Frameworks @loader_path/Frameworks";
				PRODUCT_BUNDLE_IDENTIFIER = happyFoodCoin.SKYUITests;
				PRODUCT_NAME = "$(TARGET_NAME)";
				SWIFT_VERSION = 4.0;
				TARGETED_DEVICE_FAMILY = "1,2";
				TEST_TARGET_NAME = SKY;
			};
			name = Debug;
		};
		B3DEE7611FA0500700FEE568 /* Release */ = {
			isa = XCBuildConfiguration;
			buildSettings = {
				ALWAYS_EMBED_SWIFT_STANDARD_LIBRARIES = YES;
				CODE_SIGN_STYLE = Automatic;
				DEVELOPMENT_TEAM = 4K2W9X865R;
				INFOPLIST_FILE = SKYUITests/Info.plist;
				LD_RUNPATH_SEARCH_PATHS = "$(inherited) @executable_path/Frameworks @loader_path/Frameworks";
				PRODUCT_BUNDLE_IDENTIFIER = happyFoodCoin.SKYUITests;
				PRODUCT_NAME = "$(TARGET_NAME)";
				SWIFT_VERSION = 4.0;
				TARGETED_DEVICE_FAMILY = "1,2";
				TEST_TARGET_NAME = SKY;
			};
			name = Release;
		};
/* End XCBuildConfiguration section */

/* Begin XCConfigurationList section */
		B3DEE72C1FA0500600FEE568 /* Build configuration list for PBXProject "SKY" */ = {
			isa = XCConfigurationList;
			buildConfigurations = (
				B3DEE7571FA0500700FEE568 /* Debug */,
				B3DEE7581FA0500700FEE568 /* Release */,
			);
			defaultConfigurationIsVisible = 0;
			defaultConfigurationName = Release;
		};
		B3DEE7591FA0500700FEE568 /* Build configuration list for PBXNativeTarget "SKY" */ = {
			isa = XCConfigurationList;
			buildConfigurations = (
				B3DEE75A1FA0500700FEE568 /* Debug */,
				B3DEE75B1FA0500700FEE568 /* Release */,
			);
			defaultConfigurationIsVisible = 0;
			defaultConfigurationName = Release;
		};
		B3DEE75C1FA0500700FEE568 /* Build configuration list for PBXNativeTarget "SKYTests" */ = {
			isa = XCConfigurationList;
			buildConfigurations = (
				B3DEE75D1FA0500700FEE568 /* Debug */,
				B3DEE75E1FA0500700FEE568 /* Release */,
			);
			defaultConfigurationIsVisible = 0;
			defaultConfigurationName = Release;
		};
		B3DEE75F1FA0500700FEE568 /* Build configuration list for PBXNativeTarget "SKYUITests" */ = {
			isa = XCConfigurationList;
			buildConfigurations = (
				B3DEE7601FA0500700FEE568 /* Debug */,
				B3DEE7611FA0500700FEE568 /* Release */,
			);
			defaultConfigurationIsVisible = 0;
			defaultConfigurationName = Release;
		};
/* End XCConfigurationList section */
	};
	rootObject = B3DEE7291FA0500600FEE568 /* Project object */;
}
